
Microsoft Visual Studio Solution File, Format Version 12.00
# Visual Studio 2013
VisualStudioVersion = 12.0.21005.1
MinimumVisualStudioVersion = 10.0.40219.1
Project("{FAE04EC0-301F-11D3-BF4B-00C04F79EFBC}") = "Baithuhanhso5", "NETNET20182019\Baithuhanhso5.csproj", "{F3758620-240C-4BD7-BD47-210FFB4AF582}"
EndProject
Global
	GlobalSection(SolutionConfigurationPlatforms) = preSolution
		Debug|Any CPU = Debug|Any CPU
		Release|Any CPU = Release|Any CPU
	EndGlobalSection
	GlobalSection(ProjectConfigurationPlatforms) = postSolution
		{F3758620-240C-4BD7-BD47-210FFB4AF582}.Debug|Any CPU.ActiveCfg = Debug|Any CPU
		{F3758620-240C-4BD7-BD47-210FFB4AF582}.Debug|Any CPU.Build.0 = Debug|Any CPU
		{F3758620-240C-4BD7-BD47-210FFB4AF582}.Release|Any CPU.ActiveCfg = Release|Any CPU
		{F3758620-240C-4BD7-BD47-210FFB4AF582}.Release|Any CPU.Build.0 = Release|Any CPU
	EndGlobalSection
	GlobalSection(SolutionProperties) = preSolution
		HideSolutionNode = FALSE
	EndGlobalSection
EndGlobal
